
Microsoft Visual Studio Solution File, Format Version 12.00
# Visual Studio Version 17
VisualStudioVersion = 17.7.34031.279
MinimumVisualStudioVersion = 10.0.40219.1
Project("{8BC9CEB8-8B4A-11D0-8D11-00A0C91BC942}") = "BeginnerLearning", "BeginnerLearning\BeginnerLearning.vcxproj", "{6421F07E-D1EE-44D2-B336-801F41CA8BDF}"
EndProject
Global
	GlobalSection(SolutionConfigurationPlatforms) = preSolution
		Debug|x64 = Debug|x64
		Debug|x86 = Debug|x86
		Release|x64 = Release|x64
		Release|x86 = Release|x86
	EndGlobalSection
	GlobalSection(ProjectConfigurationPlatforms) = postSolution
		{6421F07E-D1EE-44D2-B336-801F41CA8BDF}.Debug|x64.ActiveCfg = Debug|x64
		{6421F07E-D1EE-44D2-B336-801F41CA8BDF}.Debug|x64.Build.0 = Debug|x64
		{6421F07E-D1EE-44D2-B336-801F41CA8BDF}.Debug|x86.ActiveCfg = Debug|Win32
		{6421F07E-D1EE-44D2-B336-801F41CA8BDF}.Debug|x86.Build.0 = Debug|Win32
		{6421F07E-D1EE-44D2-B336-801F41CA8BDF}.Release|x64.ActiveCfg = Release|x64
		{6421F07E-D1EE-44D2-B336-801F41CA8BDF}.Release|x64.Build.0 = Release|x64
		{6421F07E-D1EE-44D2-B336-801F41CA8BDF}.Release|x86.ActiveCfg = Release|Win32
		{6421F07E-D1EE-44D2-B336-801F41CA8BDF}.Release|x86.Build.0 = Release|Win32
	EndGlobalSection
	GlobalSection(SolutionProperties) = preSolution
		HideSolutionNode = FALSE
	EndGlobalSection
	GlobalSection(ExtensibilityGlobals) = postSolution
		SolutionGuid = {02B8E7C7-9443-44D4-A56D-F202D4E5CE1A}
	EndGlobalSection
EndGlobal
